<?xml version="1.0" encoding="utf-8"?>
<Project ToolsVersion="4.0" xmlns="http://schemas.microsoft.com/developer/msbuild/2003">
  <ItemGroup>
    <Filter Include="Source Files">
      <UniqueIdentifier>{4FC737F1-C7A5-4376-A066-2A32D752A2FF}</UniqueIdentifier>
      <Extensions>cpp;c;cc;cxx;c++;def;odl;idl;hpj;bat;asm;asmx</Extensions>
    </Filter>
    <Filter Include="Header Files">
      <UniqueIdentifier>{93995380-89BD-4b04-88EB-625FBE52EBFB}</UniqueIdentifier>
      <Extensions>h;hh;hpp;hxx;h++;hm;inl;inc;ipp;xsd</Extensions>
    </Filter>
    <Filter Include="Resource Files">
      <UniqueIdentifier>{67DA6AB6-F800-4c08-8B7A-83BB121AAD01}</UniqueIdentifier>
      <Extensions>rc;ico;cur;bmp;dlg;rc2;rct;bin;rgs;gif;jpg;jpeg;jpe;resx;tiff;tif;png;wav;mfcribbon-ms</Extensions>
    </Filter>
    <Filter Include="Resource Files\DirectX">
      <UniqueIdentifier>{e9d9150b-9396-449c-b6ef-0425d6f68040}</UniqueIdentifier>
    </Filter>
    <Filter Include="Resource Files\Shaders">
      <UniqueIdentifier>{219be665-8f2c-4f10-8c48-24d82d9e7483}</UniqueIdentifier>
    </Filter>
    <Filter Include="Header Files\Macros">
      <UniqueIdentifier>{c21a54b0-7718-4619-a64d-0cc6058e01ed}</UniqueIdentifier>
    </Filter>
    <Filter Include="Source Files\Bindables">
      <UniqueIdentifier>{4d9745c9-7b44-4d67-80af-ce0714791297}</UniqueIdentifier>
    </Filter>
    <Filter Include="Header Files\Drawables">
      <UniqueIdentifier>{0e8384d2-7e9f-4be9-be9b-87e993a447d4}</UniqueIdentifier>
    </Filter>
    <Filter Include="Source Files\Drawables">
      <UniqueIdentifier>{b413e64f-b54d-4b16-b8c0-01f0e69b7a9c}</UniqueIdentifier>
    </Filter>
    <Filter Include="Resource Files\Cursors">
      <UniqueIdentifier>{966292aa-632b-461c-a420-d8352e8de9e7}</UniqueIdentifier>
    </Filter>
    <Filter Include="Resource Files\Shaders\Primitives">
      <UniqueIdentifier>{3a3c6aa7-ca9b-44f3-87f2-46ffd1b6557e}</UniqueIdentifier>
    </Filter>
    <Filter Include="Resource Files\ImGui">
      <UniqueIdentifier>{f9f38beb-add7-4293-bc61-a5b62c25ab01}</UniqueIdentifier>
    </Filter>
    <Filter Include="Resource Files\Shaders\Lighting">
      <UniqueIdentifier>{73da49c3-9833-4da3-a93a-0f9ac6b04125}</UniqueIdentifier>
    </Filter>
    <Filter Include="Resource Files\Resource Items">
      <UniqueIdentifier>{ef2c65f7-41b2-43e1-9b98-763a8423a982}</UniqueIdentifier>
    </Filter>
    <Filter Include="Header Files\Windows">
      <UniqueIdentifier>{06991eb0-4a5c-43c6-9876-47753cb8a540}</UniqueIdentifier>
    </Filter>
    <Filter Include="Header Files\Exceptions">
      <UniqueIdentifier>{ea71b653-cee4-41c7-a770-04f81d086784}</UniqueIdentifier>
    </Filter>
    <Filter Include="Header Files\Objects">
      <UniqueIdentifier>{6dae83e3-94f1-472b-9d7e-75ee89d7a982}</UniqueIdentifier>
    </Filter>
    <Filter Include="Source Files\Windows">
      <UniqueIdentifier>{b576ceae-167c-470a-95a0-6282a8c78360}</UniqueIdentifier>
    </Filter>
    <Filter Include="Source Files\Exceptions">
      <UniqueIdentifier>{2bcd9069-a20d-423b-bf1b-638ebc0f7937}</UniqueIdentifier>
    </Filter>
    <Filter Include="Source Files\Objects">
      <UniqueIdentifier>{055cebec-b6f7-4e57-bfba-d79770f726ef}</UniqueIdentifier>
    </Filter>
    <Filter Include="Resource Files\Shaders\Includes">
      <UniqueIdentifier>{15e28de3-b881-4db2-b739-f049f6ecd826}</UniqueIdentifier>
    </Filter>
    <Filter Include="Source Files\Macros">
      <UniqueIdentifier>{348fdccf-7014-47e3-8c5a-aef5b1ead2c7}</UniqueIdentifier>
    </Filter>
    <Filter Include="Header Files\Bindables">
      <UniqueIdentifier>{349ec208-c37d-4421-baf2-e216435005e1}</UniqueIdentifier>
    </Filter>
    <Filter Include="Header Files\Jobs">
      <UniqueIdentifier>{a537f8d4-5e58-4c22-8f1e-b1ee09310df2}</UniqueIdentifier>
    </Filter>
    <Filter Include="Source Files\Jobs">
      <UniqueIdentifier>{4a074eed-d6d3-46b4-adc4-e04388da8b30}</UniqueIdentifier>
    </Filter>
    <Filter Include="Header Files\Model">
      <UniqueIdentifier>{c830c6aa-77f1-4610-9561-17f035600d6e}</UniqueIdentifier>
    </Filter>
    <Filter Include="Source Files\Model">
      <UniqueIdentifier>{6d8109ab-f505-488c-a8dc-f1b7f67286ac}</UniqueIdentifier>
    </Filter>
    <Filter Include="Header Files\Bindables\BindableEx">
      <UniqueIdentifier>{b8ee7edc-cdd4-4708-bbf2-c05dadc5ac0b}</UniqueIdentifier>
    </Filter>
    <Filter Include="Header Files\Drawables\DrawableEx">
      <UniqueIdentifier>{4488074c-2114-4117-b192-63cc61811f73}</UniqueIdentifier>
    </Filter>
    <Filter Include="Header Files\Graphics">
      <UniqueIdentifier>{a20fcbe1-9e3e-478f-8fec-94896d4e2bc6}</UniqueIdentifier>
    </Filter>
    <Filter Include="Source Files\Drawables\DrawableEx">
      <UniqueIdentifier>{db95a852-2da9-455b-9653-02b9a2b66d98}</UniqueIdentifier>
    </Filter>
    <Filter Include="Source Files\Bindables\BindableEx">
      <UniqueIdentifier>{d519d8bd-d00c-4a6e-90af-24b38eb13732}</UniqueIdentifier>
    </Filter>
    <Filter Include="Source Files\Graphics">
      <UniqueIdentifier>{a475cd71-8c4a-47ab-ae86-8408e9b4e6b5}</UniqueIdentifier>
    </Filter>
    <Filter Include="Resource Files\Shaders\Framebuffer">
      <UniqueIdentifier>{558e2594-f2e8-40db-90dc-d3f801be22d2}</UniqueIdentifier>
    </Filter>
    <Filter Include="Header Files\Jobs\Passes">
      <UniqueIdentifier>{889e67df-6581-44fd-826e-083a9eb2f3c4}</UniqueIdentifier>
    </Filter>
    <Filter Include="Source Files\Jobs\Passes">
      <UniqueIdentifier>{2163c5c6-a2d3-42f2-9bc2-f134da703e87}</UniqueIdentifier>
    </Filter>
    <Filter Include="Header Files\Jobs\Graphs">
      <UniqueIdentifier>{6dc327ba-c30f-4713-a8de-324bc9d4266f}</UniqueIdentifier>
    </Filter>
    <Filter Include="Source Files\Jobs\Graphs">
      <UniqueIdentifier>{35e5cacc-b2d1-4da1-aef3-353140d94434}</UniqueIdentifier>
    </Filter>
    <Filter Include="Header Files\Objects\Camera">
      <UniqueIdentifier>{0b860711-5d55-47fb-9cfe-70c79d09a84b}</UniqueIdentifier>
    </Filter>
    <Filter Include="Source Files\Objects\Camera">
      <UniqueIdentifier>{cddb9a14-9de4-4612-aea6-862687c38b83}</UniqueIdentifier>
    </Filter>
  </ItemGroup>
  <ItemGroup>
    <ClCompile Include="VertexBuffer.cpp">
      <Filter>Source Files\Bindables</Filter>
    </ClCompile>
    <ClCompile Include="IndexBuffer.cpp">
      <Filter>Source Files\Bindables</Filter>
    </ClCompile>
    <ClCompile Include="InputLayout.cpp">
      <Filter>Source Files\Bindables</Filter>
    </ClCompile>
    <ClCompile Include="VertexShader.cpp">
      <Filter>Source Files\Bindables</Filter>
    </ClCompile>
    <ClCompile Include="PixelShader.cpp">
      <Filter>Source Files\Bindables</Filter>
    </ClCompile>
    <ClCompile Include="Topology.cpp">
      <Filter>Source Files\Bindables</Filter>
    </ClCompile>
    <ClCompile Include="TransformCbuf.cpp">
      <Filter>Source Files\Bindables</Filter>
    </ClCompile>
    <ClCompile Include="Texture.cpp">
      <Filter>Source Files\Bindables</Filter>
    </ClCompile>
    <ClCompile Include="Sampler.cpp">
      <Filter>Source Files\Bindables</Filter>
    </ClCompile>
    <ClCompile Include="SolidSphere.cpp">
      <Filter>Source Files\Drawables</Filter>
    </ClCompile>
    <ClCompile Include="..\External\imgui\imgui.cpp">
      <Filter>Resource Files\ImGui</Filter>
    </ClCompile>
    <ClCompile Include="..\External\imgui\imgui_demo.cpp">
      <Filter>Resource Files\ImGui</Filter>
    </ClCompile>
    <ClCompile Include="..\External\imgui\imgui_draw.cpp">
      <Filter>Resource Files\ImGui</Filter>
    </ClCompile>
    <ClCompile Include="..\External\imgui\imgui_impl_dx11.cpp">
      <Filter>Resource Files\ImGui</Filter>
    </ClCompile>
    <ClCompile Include="..\External\imgui\imgui_impl_win32.cpp">
      <Filter>Resource Files\ImGui</Filter>
    </ClCompile>
    <ClCompile Include="..\External\imgui\imgui_widgets.cpp">
      <Filter>Resource Files\ImGui</Filter>
    </ClCompile>
    <ClCompile Include="NormalPlane.cpp">
      <Filter>Source Files\Drawables</Filter>
    </ClCompile>
    <ClCompile Include="NormalCube.cpp">
      <Filter>Source Files\Drawables</Filter>
    </ClCompile>
    <ClCompile Include="Surface.cpp">
      <Filter>Source Files\Bindables</Filter>
    </ClCompile>
    <ClCompile Include="App.cpp">
      <Filter>Source Files\Windows</Filter>
    </ClCompile>
    <ClCompile Include="ImGuiManager.cpp">
      <Filter>Source Files\Windows</Filter>
    </ClCompile>
    <ClCompile Include="Keyboard.cpp">
      <Filter>Source Files\Windows</Filter>
    </ClCompile>
    <ClCompile Include="Mouse.cpp">
      <Filter>Source Files\Windows</Filter>
    </ClCompile>
    <ClCompile Include="Timer.cpp">
      <Filter>Source Files\Windows</Filter>
    </ClCompile>
    <ClCompile Include="Window.cpp">
      <Filter>Source Files\Windows</Filter>
    </ClCompile>
    <ClCompile Include="WinMain.cpp">
      <Filter>Source Files\Windows</Filter>
    </ClCompile>
    <ClCompile Include="Exception.cpp">
      <Filter>Source Files\Exceptions</Filter>
    </ClCompile>
    <ClCompile Include="DxgiInfoManager.cpp">
      <Filter>Source Files\Exceptions</Filter>
    </ClCompile>
    <ClCompile Include="dxerr.cpp">
      <Filter>Source Files\Exceptions</Filter>
    </ClCompile>
    <ClCompile Include="PointLight.cpp">
      <Filter>Source Files\Objects</Filter>
    </ClCompile>
    <ClCompile Include="MathX.cpp">
      <Filter>Source Files\Windows</Filter>
    </ClCompile>
    <ClCompile Include="Blender.cpp">
      <Filter>Source Files\Bindables</Filter>
    </ClCompile>
    <ClCompile Include="Rasterizer.cpp">
      <Filter>Source Files\Bindables</Filter>
    </ClCompile>
    <ClCompile Include="StringConverter.cpp">
      <Filter>Source Files\Macros</Filter>
    </ClCompile>
    <ClCompile Include="TexturePreprocessor.cpp">
      <Filter>Source Files\Bindables\BindableEx</Filter>
    </ClCompile>
    <ClCompile Include="LayoutCodex.cpp">
      <Filter>Source Files\Bindables\BindableEx</Filter>
    </ClCompile>
    <ClCompile Include="DynamicConstant.cpp">
      <Filter>Source Files\Bindables\BindableEx</Filter>
    </ClCompile>
    <ClCompile Include="Drawable.cpp">
      <Filter>Source Files\Drawables\DrawableEx</Filter>
    </ClCompile>
    <ClCompile Include="Vertex.cpp">
      <Filter>Source Files\Drawables\DrawableEx</Filter>
    </ClCompile>
    <ClCompile Include="NullPixelShader.cpp">
      <Filter>Source Files\Bindables\BindableEx</Filter>
    </ClCompile>
    <ClCompile Include="Job.cpp">
      <Filter>Source Files\Jobs</Filter>
    </ClCompile>
    <ClCompile Include="Technique.cpp">
      <Filter>Source Files\Jobs</Filter>
    </ClCompile>
    <ClCompile Include="Step.cpp">
      <Filter>Source Files\Jobs</Filter>
    </ClCompile>
    <ClCompile Include="Material.cpp">
      <Filter>Source Files\Drawables\DrawableEx</Filter>
    </ClCompile>
    <ClCompile Include="Mesh.cpp">
      <Filter>Source Files\Model</Filter>
    </ClCompile>
    <ClCompile Include="Model.cpp">
      <Filter>Source Files\Model</Filter>
    </ClCompile>
    <ClCompile Include="ModelException.cpp">
      <Filter>Source Files\Model</Filter>
    </ClCompile>
    <ClCompile Include="Node.cpp">
      <Filter>Source Files\Model</Filter>
    </ClCompile>
    <ClCompile Include="Graphics.cpp">
      <Filter>Source Files\Graphics</Filter>
    </ClCompile>
    <ClCompile Include="GraphicsResource.cpp">
      <Filter>Source Files\Graphics</Filter>
    </ClCompile>
    <ClCompile Include="DepthStencil.cpp">
      <Filter>Source Files\Graphics</Filter>
    </ClCompile>
    <ClCompile Include="RenderTarget.cpp">
      <Filter>Source Files\Graphics</Filter>
    </ClCompile>
    <ClCompile Include="Pass.cpp">
      <Filter>Source Files\Jobs</Filter>
    </ClCompile>
    <ClCompile Include="RGCompileException.cpp">
      <Filter>Source Files\Exceptions</Filter>
    </ClCompile>
    <ClCompile Include="BindingPass.cpp">
      <Filter>Source Files\Bindables\BindableEx</Filter>
    </ClCompile>
    <ClCompile Include="BufferClearPass.cpp">
      <Filter>Source Files\Jobs\Passes</Filter>
    </ClCompile>
    <ClCompile Include="FullscreenPass.cpp">
      <Filter>Source Files\Jobs\Passes</Filter>
    </ClCompile>
    <ClCompile Include="RenderGraph.cpp">
      <Filter>Source Files\Jobs</Filter>
    </ClCompile>
    <ClCompile Include="RenderQueuePass.cpp">
      <Filter>Source Files\Jobs</Filter>
    </ClCompile>
    <ClCompile Include="StepLinkingProbe.cpp">
      <Filter>Source Files\Jobs</Filter>
    </ClCompile>
    <ClCompile Include="TransformCbufScaling.cpp">
      <Filter>Source Files\Bindables</Filter>
    </ClCompile>
    <ClCompile Include="ScaleOutlineRG.cpp">
      <Filter>Source Files\Jobs\Graphs</Filter>
    </ClCompile>
    <ClCompile Include="VerticalBlurPass.cpp">
      <Filter>Source Files\Jobs\Passes</Filter>
    </ClCompile>
    <ClCompile Include="HorizontalBlurPass.cpp">
      <Filter>Source Files\Jobs\Passes</Filter>
    </ClCompile>
    <ClCompile Include="BlurOutlineRG.cpp">
      <Filter>Source Files\Jobs\Graphs</Filter>
    </ClCompile>
    <ClCompile Include="Source.cpp">
      <Filter>Source Files\Jobs\Passes</Filter>
    </ClCompile>
    <ClCompile Include="Sink.cpp">
      <Filter>Source Files\Jobs\Passes</Filter>
    </ClCompile>
    <ClCompile Include="Camera.cpp">
      <Filter>Source Files\Objects\Camera</Filter>
    </ClCompile>
    <ClCompile Include="CameraContainer.cpp">
      <Filter>Source Files\Objects\Camera</Filter>
    </ClCompile>
    <ClCompile Include="ScriptCommander.cpp">
      <Filter>Source Files\Macros</Filter>
    </ClCompile>
    <ClCompile Include="Projection.cpp">
      <Filter>Source Files\Objects\Camera</Filter>
    </ClCompile>
    <ClCompile Include="CameraIndicator.cpp">
      <Filter>Source Files\Objects\Camera</Filter>
    </ClCompile>
    <ClCompile Include="Frustum.cpp">
      <Filter>Source Files\Objects\Camera</Filter>
    </ClCompile>
  </ItemGroup>
  <ItemGroup>
    <ClInclude Include="ConstantBuffers.h">
      <Filter>Header Files\Bindables</Filter>
    </ClInclude>
    <ClInclude Include="WindowsThrowMacros.h">
      <Filter>Header Files\Macros</Filter>
    </ClInclude>
    <ClInclude Include="GraphicsThrowMacros.h">
      <Filter>Header Files\Macros</Filter>
    </ClInclude>
    <ClInclude Include="VertexBuffer.h">
      <Filter>Header Files\Bindables</Filter>
    </ClInclude>
    <ClInclude Include="IndexBuffer.h">
      <Filter>Header Files\Bindables</Filter>
    </ClInclude>
    <ClInclude Include="InputLayout.h">
      <Filter>Header Files\Bindables</Filter>
    </ClInclude>
    <ClInclude Include="VertexShader.h">
      <Filter>Header Files\Bindables</Filter>
    </ClInclude>
    <ClInclude Include="PixelShader.h">
      <Filter>Header Files\Bindables</Filter>
    </ClInclude>
    <ClInclude Include="Topology.h">
      <Filter>Header Files\Bindables</Filter>
    </ClInclude>
    <ClInclude Include="TransformCbuf.h">
      <Filter>Header Files\Bindables</Filter>
    </ClInclude>
    <ClInclude Include="Sphere.h">
      <Filter>Header Files\Drawables</Filter>
    </ClInclude>
    <ClInclude Include="Plane.h">
      <Filter>Header Files\Drawables</Filter>
    </ClInclude>
    <ClInclude Include="Cube.h">
      <Filter>Header Files\Drawables</Filter>
    </ClInclude>
    <ClInclude Include="Texture.h">
      <Filter>Header Files\Bindables</Filter>
    </ClInclude>
    <ClInclude Include="Sampler.h">
      <Filter>Header Files\Bindables</Filter>
    </ClInclude>
    <ClInclude Include="resource.h">
      <Filter>Resource Files\Resource Items</Filter>
    </ClInclude>
    <ClInclude Include="SolidSphere.h">
      <Filter>Header Files\Drawables</Filter>
    </ClInclude>
    <ClInclude Include="..\External\imgui\imconfig.h">
      <Filter>Resource Files\ImGui</Filter>
    </ClInclude>
    <ClInclude Include="..\External\imgui\imgui.h">
      <Filter>Resource Files\ImGui</Filter>
    </ClInclude>
    <ClInclude Include="..\External\imgui\imgui_impl_dx11.h">
      <Filter>Resource Files\ImGui</Filter>
    </ClInclude>
    <ClInclude Include="..\External\imgui\imgui_impl_win32.h">
      <Filter>Resource Files\ImGui</Filter>
    </ClInclude>
    <ClInclude Include="..\External\imgui\imgui_internal.h">
      <Filter>Resource Files\ImGui</Filter>
    </ClInclude>
    <ClInclude Include="..\External\imgui\imstb_rectpack.h">
      <Filter>Resource Files\ImGui</Filter>
    </ClInclude>
    <ClInclude Include="..\External\imgui\imstb_textedit.h">
      <Filter>Resource Files\ImGui</Filter>
    </ClInclude>
    <ClInclude Include="..\External\imgui\imstb_truetype.h">
      <Filter>Resource Files\ImGui</Filter>
    </ClInclude>
    <ClInclude Include="NormalPlane.h">
      <Filter>Header Files\Drawables</Filter>
    </ClInclude>
    <ClInclude Include="NormalCube.h">
      <Filter>Header Files\Drawables</Filter>
    </ClInclude>
    <ClInclude Include="Surface.h">
      <Filter>Header Files\Bindables</Filter>
    </ClInclude>
    <ClInclude Include="WindowsInclude.h">
      <Filter>Header Files\Windows</Filter>
    </ClInclude>
    <ClInclude Include="Window.h">
      <Filter>Header Files\Windows</Filter>
    </ClInclude>
    <ClInclude Include="Timer.h">
      <Filter>Header Files\Windows</Filter>
    </ClInclude>
    <ClInclude Include="Mouse.h">
      <Filter>Header Files\Windows</Filter>
    </ClInclude>
    <ClInclude Include="Math.h">
      <Filter>Header Files\Windows</Filter>
    </ClInclude>
    <ClInclude Include="Keyboard.h">
      <Filter>Header Files\Windows</Filter>
    </ClInclude>
    <ClInclude Include="App.h">
      <Filter>Header Files\Windows</Filter>
    </ClInclude>
    <ClInclude Include="Exception.h">
      <Filter>Header Files\Exceptions</Filter>
    </ClInclude>
    <ClInclude Include="DxgiInfoManager.h">
      <Filter>Header Files\Exceptions</Filter>
    </ClInclude>
    <ClInclude Include="dxerr.h">
      <Filter>Header Files\Exceptions</Filter>
    </ClInclude>
    <ClInclude Include="PointLight.h">
      <Filter>Header Files\Objects</Filter>
    </ClInclude>
    <ClInclude Include="ImGuiManager.h">
      <Filter>Header Files\Windows</Filter>
    </ClInclude>
    <ClInclude Include="MathX.h">
      <Filter>Header Files\Windows</Filter>
    </ClInclude>
    <ClInclude Include="Blender.h">
      <Filter>Header Files\Bindables</Filter>
    </ClInclude>
    <ClInclude Include="Rasterizer.h">
      <Filter>Header Files\Bindables</Filter>
    </ClInclude>
    <ClInclude Include="StringConverter.h">
      <Filter>Header Files\Macros</Filter>
    </ClInclude>
    <ClInclude Include="ConstantBufferEx.h">
      <Filter>Header Files\Bindables</Filter>
    </ClInclude>
    <ClInclude Include="Stencil.h">
      <Filter>Header Files\Bindables</Filter>
    </ClInclude>
    <ClInclude Include="TexturePreprocessor.h">
      <Filter>Header Files\Bindables\BindableEx</Filter>
    </ClInclude>
    <ClInclude Include="LayoutCodex.h">
      <Filter>Header Files\Bindables\BindableEx</Filter>
    </ClInclude>
    <ClInclude Include="IndexedTriangleList.h">
      <Filter>Header Files\Bindables\BindableEx</Filter>
    </ClInclude>
    <ClInclude Include="DynamicConstant.h">
      <Filter>Header Files\Bindables\BindableEx</Filter>
    </ClInclude>
    <ClInclude Include="Color.h">
      <Filter>Header Files\Bindables\BindableEx</Filter>
    </ClInclude>
    <ClInclude Include="BindableCommon.h">
      <Filter>Header Files\Bindables\BindableEx</Filter>
    </ClInclude>
    <ClInclude Include="BindableCodex.h">
      <Filter>Header Files\Bindables\BindableEx</Filter>
    </ClInclude>
    <ClInclude Include="Vertex.h">
      <Filter>Header Files\Drawables\DrawableEx</Filter>
    </ClInclude>
    <ClInclude Include="Drawable.h">
      <Filter>Header Files\Drawables\DrawableEx</Filter>
    </ClInclude>
    <ClInclude Include="Bindable.h">
      <Filter>Header Files\Bindables\BindableEx</Filter>
    </ClInclude>
    <ClInclude Include="NullPixelShader.h">
      <Filter>Header Files\Bindables\BindableEx</Filter>
    </ClInclude>
    <ClInclude Include="Job.h">
      <Filter>Header Files\Jobs</Filter>
    </ClInclude>
    <ClInclude Include="Pass.h">
      <Filter>Header Files\Jobs</Filter>
    </ClInclude>
    <ClInclude Include="Technique.h">
      <Filter>Header Files\Jobs</Filter>
    </ClInclude>
    <ClInclude Include="Step.h">
      <Filter>Header Files\Jobs</Filter>
    </ClInclude>
    <ClInclude Include="TechniqueProbe.h">
      <Filter>Header Files\Jobs</Filter>
    </ClInclude>
    <ClInclude Include="Material.h">
      <Filter>Header Files\Drawables\DrawableEx</Filter>
    </ClInclude>
    <ClInclude Include="Mesh.h">
      <Filter>Header Files\Model</Filter>
    </ClInclude>
    <ClInclude Include="Model.h">
      <Filter>Header Files\Model</Filter>
    </ClInclude>
    <ClInclude Include="ModelException.h">
      <Filter>Header Files\Model</Filter>
    </ClInclude>
    <ClInclude Include="Node.h">
      <Filter>Header Files\Model</Filter>
    </ClInclude>
    <ClInclude Include="ModelProbe.h">
      <Filter>Header Files\Model</Filter>
    </ClInclude>
    <ClInclude Include="Graphics.h">
      <Filter>Header Files\Graphics</Filter>
    </ClInclude>
    <ClInclude Include="GraphicsResource.h">
      <Filter>Header Files\Graphics</Filter>
    </ClInclude>
    <ClInclude Include="DepthStencil.h">
      <Filter>Header Files\Graphics</Filter>
    </ClInclude>
    <ClInclude Include="RenderTarget.h">
      <Filter>Header Files\Graphics</Filter>
    </ClInclude>
    <ClInclude Include="RGCompileException.h">
      <Filter>Header Files\Exceptions</Filter>
    </ClInclude>
    <ClInclude Include="BufferResource.h">
      <Filter>Header Files\Bindables</Filter>
    </ClInclude>
    <ClInclude Include="BindingPass.h">
      <Filter>Header Files\Bindables\BindableEx</Filter>
    </ClInclude>
    <ClInclude Include="BufferClearPass.h">
      <Filter>Header Files\Jobs\Passes</Filter>
    </ClInclude>
    <ClInclude Include="FullscreenPass.h">
      <Filter>Header Files\Jobs\Passes</Filter>
    </ClInclude>
    <ClInclude Include="LambertianPass.h">
      <Filter>Header Files\Jobs\Passes</Filter>
    </ClInclude>
    <ClInclude Include="RenderGraph.h">
      <Filter>Header Files\Jobs</Filter>
    </ClInclude>
    <ClInclude Include="RenderQueuePass.h">
      <Filter>Header Files\Jobs</Filter>
    </ClInclude>
    <ClInclude Include="StepLinkingProbe.h">
      <Filter>Header Files\Jobs</Filter>
    </ClInclude>
    <ClInclude Include="OutlineMaskPass.h">
      <Filter>Header Files\Jobs\Passes</Filter>
    </ClInclude>
    <ClInclude Include="OutlineDrawPass.h">
      <Filter>Header Files\Jobs\Passes</Filter>
    </ClInclude>
    <ClInclude Include="TransformCbufScaling.h">
      <Filter>Header Files\Bindables</Filter>
    </ClInclude>
    <ClInclude Include="ModelProbeWindow.h">
      <Filter>Header Files\Model</Filter>
    </ClInclude>
    <ClInclude Include="ScaleOutlineRG.h">
      <Filter>Header Files\Jobs\Graphs</Filter>
    </ClInclude>
    <ClInclude Include="VerticalBlurPass.h">
      <Filter>Header Files\Jobs\Passes</Filter>
    </ClInclude>
    <ClInclude Include="HorizontalBlurPass.h">
      <Filter>Header Files\Jobs\Passes</Filter>
    </ClInclude>
    <ClInclude Include="BlurOutlineRG.h">
      <Filter>Header Files\Jobs\Graphs</Filter>
    </ClInclude>
    <ClInclude Include="BlurOutlineDrawPass.h">
      <Filter>Header Files\Jobs\Passes</Filter>
    </ClInclude>
    <ClInclude Include="Source.h">
      <Filter>Header Files\Jobs\Passes</Filter>
    </ClInclude>
    <ClInclude Include="Sink.h">
      <Filter>Header Files\Jobs\Passes</Filter>
    </ClInclude>
    <ClInclude Include="Camera.h">
      <Filter>Header Files\Objects\Camera</Filter>
    </ClInclude>
    <ClInclude Include="CameraContainer.h">
      <Filter>Header Files\Objects\Camera</Filter>
    </ClInclude>
    <ClInclude Include="ScriptCommander.h">
      <Filter>Header Files\Macros</Filter>
    </ClInclude>
    <ClInclude Include="process.json">
      <Filter>Resource Files\Resource Items</Filter>
    </ClInclude>
    <ClInclude Include="Projection.h">
      <Filter>Header Files\Objects\Camera</Filter>
    </ClInclude>
    <ClInclude Include="CameraIndicator.h">
      <Filter>Header Files\Objects\Camera</Filter>
    </ClInclude>
    <ClInclude Include="Frustum.h">
      <Filter>Header Files\Objects\Camera</Filter>
    </ClInclude>
    <ClInclude Include="WireframePass.h">
      <Filter>Header Files\Jobs\Passes</Filter>
    </ClInclude>
  </ItemGroup>
  <ItemGroup>
    <None Include="DXGetErrorDescription.inl">
      <Filter>Resource Files\DirectX</Filter>
    </None>
    <None Include="DXGetErrorString.inl">
      <Filter>Resource Files\DirectX</Filter>
    </None>
    <None Include="DXTrace.inl">
      <Filter>Resource Files\DirectX</Filter>
    </None>
    <None Include="res\cursors\WoW_Normal.ani">
      <Filter>Resource Files\Cursors</Filter>
    </None>
    <None Include="res\cursors\WoW_Select.ani">
      <Filter>Resource Files\Cursors</Filter>
    </None>
    <None Include="Transform.hlsli">
      <Filter>Resource Files\Shaders\Includes</Filter>
    </None>
    <None Include="LightVectorData.hlsli">
      <Filter>Resource Files\Shaders\Includes</Filter>
    </None>
    <None Include="PointLight.hlsli">
      <Filter>Resource Files\Shaders\Includes</Filter>
    </None>
    <None Include="ShaderLighting.hlsli">
      <Filter>Resource Files\Shaders\Includes</Filter>
    </None>
  </ItemGroup>
  <ItemGroup>
    <Image Include="Directx.ico">
      <Filter>Resource Files\Resource Items</Filter>
    </Image>
  </ItemGroup>
  <ItemGroup>
    <FxCompile Include="res\shaders\hlsl\SolidVS.hlsl">
      <Filter>Resource Files\Shaders\Primitives</Filter>
    </FxCompile>
    <FxCompile Include="res\shaders\hlsl\SolidPS.hlsl">
      <Filter>Resource Files\Shaders\Primitives</Filter>
    </FxCompile>
    <FxCompile Include="res\shaders\hlsl\PhongVS.hlsl">
      <Filter>Resource Files\Shaders\Lighting</Filter>
    </FxCompile>
    <FxCompile Include="res\shaders\hlsl\PhongDifMskSpcNrmPS.hlsl">
      <Filter>Resource Files\Shaders\Lighting</Filter>
    </FxCompile>
    <FxCompile Include="res\shaders\hlsl\PhongDifMskSpcNrmVS.hlsl">
      <Filter>Resource Files\Shaders\Lighting</Filter>
    </FxCompile>
    <FxCompile Include="res\shaders\hlsl\PhongDifMskSpcPS.hlsl">
      <Filter>Resource Files\Shaders\Lighting</Filter>
    </FxCompile>
    <FxCompile Include="res\shaders\hlsl\PhongDifMskSpcVS.hlsl">
      <Filter>Resource Files\Shaders\Lighting</Filter>
    </FxCompile>
    <FxCompile Include="res\shaders\hlsl\PhongDifNrmPS.hlsl">
      <Filter>Resource Files\Shaders\Lighting</Filter>
    </FxCompile>
    <FxCompile Include="res\shaders\hlsl\PhongDifNrmVS.hlsl">
      <Filter>Resource Files\Shaders\Lighting</Filter>
    </FxCompile>
    <FxCompile Include="res\shaders\hlsl\PhongDifPS.hlsl">
      <Filter>Resource Files\Shaders\Lighting</Filter>
    </FxCompile>
    <FxCompile Include="res\shaders\hlsl\PhongDifSpcNrmPS.hlsl">
      <Filter>Resource Files\Shaders\Lighting</Filter>
    </FxCompile>
    <FxCompile Include="res\shaders\hlsl\PhongDifSpcNrmVS.hlsl">
      <Filter>Resource Files\Shaders\Lighting</Filter>
    </FxCompile>
    <FxCompile Include="res\shaders\hlsl\PhongDifSpcPS.hlsl">
      <Filter>Resource Files\Shaders\Lighting</Filter>
    </FxCompile>
    <FxCompile Include="res\shaders\hlsl\PhongDifSpcVS.hlsl">
      <Filter>Resource Files\Shaders\Lighting</Filter>
    </FxCompile>
    <FxCompile Include="res\shaders\hlsl\PhongDifVS.hlsl">
      <Filter>Resource Files\Shaders\Lighting</Filter>
    </FxCompile>
    <FxCompile Include="res\shaders\hlsl\PhongPS.hlsl">
      <Filter>Resource Files\Shaders\Lighting</Filter>
    </FxCompile>
    <FxCompile Include="res\shaders\hlsl\OffsetVS.hlsl">
      <Filter>Resource Files\Shaders\Lighting</Filter>
    </FxCompile>
    <FxCompile Include="res\shaders\hlsl\FullscreenVS.hlsl">
      <Filter>Resource Files\Shaders\Framebuffer</Filter>
    </FxCompile>
    <FxCompile Include="res\shaders\hlsl\BlurOutlinePS.hlsl">
      <Filter>Resource Files\Shaders\Framebuffer</Filter>
    </FxCompile>
    <FxCompile Include="res\shaders\hlsl\BlurPS.hlsl">
      <Filter>Resource Files\Shaders\Framebuffer</Filter>
    </FxCompile>
  </ItemGroup>
  <ItemGroup>
    <ResourceCompile Include="HW3D.rc">
      <Filter>Resource Files\Resource Items</Filter>
    </ResourceCompile>
  </ItemGroup>
</Project>